
Microsoft Visual Studio Solution File, Format Version 12.00
# Visual Studio Version 17
VisualStudioVersion = 17.6.33815.320
MinimumVisualStudioVersion = 10.0.40219.1
Project("{FAE04EC0-301F-11D3-BF4B-00C04F79EFBC}") = "L20230725_01", "L20230725_01.csproj", "{B4BFF09E-7A30-4E1B-8556-C48CC490BC8F}"
EndProject
Global
	GlobalSection(SolutionConfigurationPlatforms) = preSolution
		Debug|Any CPU = Debug|Any CPU
		Release|Any CPU = Release|Any CPU
	EndGlobalSection
	GlobalSection(ProjectConfigurationPlatforms) = postSolution
		{B4BFF09E-7A30-4E1B-8556-C48CC490BC8F}.Debug|Any CPU.ActiveCfg = Debug|Any CPU
		{B4BFF09E-7A30-4E1B-8556-C48CC490BC8F}.Debug|Any CPU.Build.0 = Debug|Any CPU
		{B4BFF09E-7A30-4E1B-8556-C48CC490BC8F}.Release|Any CPU.ActiveCfg = Release|Any CPU
		{B4BFF09E-7A30-4E1B-8556-C48CC490BC8F}.Release|Any CPU.Build.0 = Release|Any CPU
	EndGlobalSection
	GlobalSection(SolutionProperties) = preSolution
		HideSolutionNode = FALSE
	EndGlobalSection
	GlobalSection(ExtensibilityGlobals) = postSolution
		SolutionGuid = {24D1BA70-C2CF-4B1B-9937-A4E1E2CEFB0A}
	EndGlobalSection
EndGlobal
