
Microsoft Visual Studio Solution File, Format Version 12.00
# Visual Studio Version 17
VisualStudioVersion = 17.6.33815.320
MinimumVisualStudioVersion = 10.0.40219.1
Project("{FAE04EC0-301F-11D3-BF4B-00C04F79EFBC}") = "L20230727_01", "L20230727_01.csproj", "{505E95A3-B6F9-4763-B223-75A461FC7EA6}"
EndProject
Global
	GlobalSection(SolutionConfigurationPlatforms) = preSolution
		Debug|Any CPU = Debug|Any CPU
		Release|Any CPU = Release|Any CPU
	EndGlobalSection
	GlobalSection(ProjectConfigurationPlatforms) = postSolution
		{505E95A3-B6F9-4763-B223-75A461FC7EA6}.Debug|Any CPU.ActiveCfg = Debug|Any CPU
		{505E95A3-B6F9-4763-B223-75A461FC7EA6}.Debug|Any CPU.Build.0 = Debug|Any CPU
		{505E95A3-B6F9-4763-B223-75A461FC7EA6}.Release|Any CPU.ActiveCfg = Release|Any CPU
		{505E95A3-B6F9-4763-B223-75A461FC7EA6}.Release|Any CPU.Build.0 = Release|Any CPU
	EndGlobalSection
	GlobalSection(SolutionProperties) = preSolution
		HideSolutionNode = FALSE
	EndGlobalSection
	GlobalSection(ExtensibilityGlobals) = postSolution
		SolutionGuid = {CFBD35D3-DAFD-40D3-B591-11E4CC84C125}
	EndGlobalSection
EndGlobal
