
Microsoft Visual Studio Solution File, Format Version 12.00
# Visual Studio Version 17
VisualStudioVersion = 17.6.33815.320
MinimumVisualStudioVersion = 10.0.40219.1
Project("{FAE04EC0-301F-11D3-BF4B-00C04F79EFBC}") = "L20230718_01", "L20230718_01.csproj", "{67E9AE0F-E966-4905-9F1D-204F8E0B4921}"
EndProject
Global
	GlobalSection(SolutionConfigurationPlatforms) = preSolution
		Debug|Any CPU = Debug|Any CPU
		Release|Any CPU = Release|Any CPU
	EndGlobalSection
	GlobalSection(ProjectConfigurationPlatforms) = postSolution
		{67E9AE0F-E966-4905-9F1D-204F8E0B4921}.Debug|Any CPU.ActiveCfg = Debug|Any CPU
		{67E9AE0F-E966-4905-9F1D-204F8E0B4921}.Debug|Any CPU.Build.0 = Debug|Any CPU
		{67E9AE0F-E966-4905-9F1D-204F8E0B4921}.Release|Any CPU.ActiveCfg = Release|Any CPU
		{67E9AE0F-E966-4905-9F1D-204F8E0B4921}.Release|Any CPU.Build.0 = Release|Any CPU
	EndGlobalSection
	GlobalSection(SolutionProperties) = preSolution
		HideSolutionNode = FALSE
	EndGlobalSection
	GlobalSection(ExtensibilityGlobals) = postSolution
		SolutionGuid = {43DD3708-0A10-4B52-BA3D-FB226DC99A07}
	EndGlobalSection
EndGlobal
