
Microsoft Visual Studio Solution File, Format Version 12.00
# Visual Studio Version 17
VisualStudioVersion = 17.6.33815.320
MinimumVisualStudioVersion = 10.0.40219.1
Project("{FAE04EC0-301F-11D3-BF4B-00C04F79EFBC}") = "230710_01", "230710_01.csproj", "{F258798C-FA13-4912-A60F-E42FC293209E}"
EndProject
Global
	GlobalSection(SolutionConfigurationPlatforms) = preSolution
		Debug|Any CPU = Debug|Any CPU
		Release|Any CPU = Release|Any CPU
	EndGlobalSection
	GlobalSection(ProjectConfigurationPlatforms) = postSolution
		{F258798C-FA13-4912-A60F-E42FC293209E}.Debug|Any CPU.ActiveCfg = Debug|Any CPU
		{F258798C-FA13-4912-A60F-E42FC293209E}.Debug|Any CPU.Build.0 = Debug|Any CPU
		{F258798C-FA13-4912-A60F-E42FC293209E}.Release|Any CPU.ActiveCfg = Release|Any CPU
		{F258798C-FA13-4912-A60F-E42FC293209E}.Release|Any CPU.Build.0 = Release|Any CPU
	EndGlobalSection
	GlobalSection(SolutionProperties) = preSolution
		HideSolutionNode = FALSE
	EndGlobalSection
	GlobalSection(ExtensibilityGlobals) = postSolution
		SolutionGuid = {E920173D-A27E-4E6A-A84A-7071F89F5D9F}
	EndGlobalSection
EndGlobal
